// !$*UTF8*$!
{
	archiveVersion = 1;
	classes = {
	};
	objectVersion = 56;
	objects = {

/* Begin PBXBuildFile section */
		48060BDC2A36C9CA006B00C3 /* NetlifxApp.swift in Sources */ = {isa = PBXBuildFile; fileRef = 48060BDB2A36C9CA006B00C3 /* NetlifxApp.swift */; };
		48060BDE2A36C9CA006B00C3 /* MainTableViewController.swift in Sources */ = {isa = PBXBuildFile; fileRef = 48060BDD2A36C9CA006B00C3 /* MainTableViewController.swift */; };
		48060BE02A36C9CC006B00C3 /* Assets.xcassets in Resources */ = {isa = PBXBuildFile; fileRef = 48060BDF2A36C9CC006B00C3 /* Assets.xcassets */; };
		48060BE32A36C9CC006B00C3 /* Preview Assets.xcassets in Resources */ = {isa = PBXBuildFile; fileRef = 48060BE22A36C9CC006B00C3 /* Preview Assets.xcassets */; };
		48060BED2A36C9CC006B00C3 /* NetlifxTests.swift in Sources */ = {isa = PBXBuildFile; fileRef = 48060BEC2A36C9CC006B00C3 /* NetlifxTests.swift */; };
		48060BF72A36C9CC006B00C3 /* NetlifxUITests.swift in Sources */ = {isa = PBXBuildFile; fileRef = 48060BF62A36C9CC006B00C3 /* NetlifxUITests.swift */; };
		48060BF92A36C9CC006B00C3 /* NetlifxUITestsLaunchTests.swift in Sources */ = {isa = PBXBuildFile; fileRef = 48060BF82A36C9CC006B00C3 /* NetlifxUITestsLaunchTests.swift */; };
		48060C072A36CE75006B00C3 /* HomeViewController.swift in Sources */ = {isa = PBXBuildFile; fileRef = 48060C062A36CE75006B00C3 /* HomeViewController.swift */; };
		48060C092A36CEBB006B00C3 /* UpcomingViewController.swift in Sources */ = {isa = PBXBuildFile; fileRef = 48060C082A36CEBB006B00C3 /* UpcomingViewController.swift */; };
		48060C0B2A36CEE4006B00C3 /* SearchViewController.swift in Sources */ = {isa = PBXBuildFile; fileRef = 48060C0A2A36CEE4006B00C3 /* SearchViewController.swift */; };
		48060C0D2A36CF13006B00C3 /* DownloadsViewController.swift in Sources */ = {isa = PBXBuildFile; fileRef = 48060C0C2A36CF13006B00C3 /* DownloadsViewController.swift */; };
/* End PBXBuildFile section */

/* Begin PBXContainerItemProxy section */
		48060BE92A36C9CC006B00C3 /* PBXContainerItemProxy */ = {
			isa = PBXContainerItemProxy;
			containerPortal = 48060BD02A36C9CA006B00C3 /* Project object */;
			proxyType = 1;
			remoteGlobalIDString = 48060BD72A36C9CA006B00C3;
			remoteInfo = Netlifx;
		};
		48060BF32A36C9CC006B00C3 /* PBXContainerItemProxy */ = {
			isa = PBXContainerItemProxy;
			containerPortal = 48060BD02A36C9CA006B00C3 /* Project object */;
			proxyType = 1;
			remoteGlobalIDString = 48060BD72A36C9CA006B00C3;
			remoteInfo = Netlifx;
		};
/* End PBXContainerItemProxy section */

/* Begin PBXFileReference section */
		48060BD82A36C9CA006B00C3 /* Netlifx.app */ = {isa = PBXFileReference; explicitFileType = wrapper.application; includeInIndex = 0; path = Netlifx.app; sourceTree = BUILT_PRODUCTS_DIR; };
		48060BDB2A36C9CA006B00C3 /* NetlifxApp.swift */ = {isa = PBXFileReference; lastKnownFileType = sourcecode.swift; path = NetlifxApp.swift; sourceTree = "<group>"; };
		48060BDD2A36C9CA006B00C3 /* MainTableViewController.swift */ = {isa = PBXFileReference; lastKnownFileType = sourcecode.swift; path = MainTableViewController.swift; sourceTree = "<group>"; };
		48060BDF2A36C9CC006B00C3 /* Assets.xcassets */ = {isa = PBXFileReference; lastKnownFileType = folder.assetcatalog; path = Assets.xcassets; sourceTree = "<group>"; };
		48060BE22A36C9CC006B00C3 /* Preview Assets.xcassets */ = {isa = PBXFileReference; lastKnownFileType = folder.assetcatalog; path = "Preview Assets.xcassets"; sourceTree = "<group>"; };
		48060BE82A36C9CC006B00C3 /* NetlifxTests.xctest */ = {isa = PBXFileReference; explicitFileType = wrapper.cfbundle; includeInIndex = 0; path = NetlifxTests.xctest; sourceTree = BUILT_PRODUCTS_DIR; };
		48060BEC2A36C9CC006B00C3 /* NetlifxTests.swift */ = {isa = PBXFileReference; lastKnownFileType = sourcecode.swift; path = NetlifxTests.swift; sourceTree = "<group>"; };
		48060BF22A36C9CC006B00C3 /* NetlifxUITests.xctest */ = {isa = PBXFileReference; explicitFileType = wrapper.cfbundle; includeInIndex = 0; path = NetlifxUITests.xctest; sourceTree = BUILT_PRODUCTS_DIR; };
		48060BF62A36C9CC006B00C3 /* NetlifxUITests.swift */ = {isa = PBXFileReference; lastKnownFileType = sourcecode.swift; path = NetlifxUITests.swift; sourceTree = "<group>"; };
		48060BF82A36C9CC006B00C3 /* NetlifxUITestsLaunchTests.swift */ = {isa = PBXFileReference; lastKnownFileType = sourcecode.swift; path = NetlifxUITestsLaunchTests.swift; sourceTree = "<group>"; };
		48060C062A36CE75006B00C3 /* HomeViewController.swift */ = {isa = PBXFileReference; lastKnownFileType = sourcecode.swift; path = HomeViewController.swift; sourceTree = "<group>"; };
		48060C082A36CEBB006B00C3 /* UpcomingViewController.swift */ = {isa = PBXFileReference; lastKnownFileType = sourcecode.swift; path = UpcomingViewController.swift; sourceTree = "<group>"; };
		48060C0A2A36CEE4006B00C3 /* SearchViewController.swift */ = {isa = PBXFileReference; lastKnownFileType = sourcecode.swift; path = SearchViewController.swift; sourceTree = "<group>"; };
		48060C0C2A36CF13006B00C3 /* DownloadsViewController.swift */ = {isa = PBXFileReference; lastKnownFileType = sourcecode.swift; path = DownloadsViewController.swift; sourceTree = "<group>"; };
/* End PBXFileReference section */

/* Begin PBXFrameworksBuildPhase section */
		48060BD52A36C9CA006B00C3 /* Frameworks */ = {
			isa = PBXFrameworksBuildPhase;
			buildActionMask = 2147483647;
			files = (
			);
			runOnlyForDeploymentPostprocessing = 0;
		};
		48060BE52A36C9CC006B00C3 /* Frameworks */ = {
			isa = PBXFrameworksBuildPhase;
			buildActionMask = 2147483647;
			files = (
			);
			runOnlyForDeploymentPostprocessing = 0;
		};
		48060BEF2A36C9CC006B00C3 /* Frameworks */ = {
			isa = PBXFrameworksBuildPhase;
			buildActionMask = 2147483647;
			files = (
			);
			runOnlyForDeploymentPostprocessing = 0;
		};
/* End PBXFrameworksBuildPhase section */

/* Begin PBXGroup section */
		48060BCF2A36C9CA006B00C3 = {
			isa = PBXGroup;
			children = (
				48060BDA2A36C9CA006B00C3 /* Netlifx */,
				48060BEB2A36C9CC006B00C3 /* NetlifxTests */,
				48060BF52A36C9CC006B00C3 /* NetlifxUITests */,
				48060BD92A36C9CA006B00C3 /* Products */,
			);
			sourceTree = "<group>";
		};
		48060BD92A36C9CA006B00C3 /* Products */ = {
			isa = PBXGroup;
			children = (
				48060BD82A36C9CA006B00C3 /* Netlifx.app */,
				48060BE82A36C9CC006B00C3 /* NetlifxTests.xctest */,
				48060BF22A36C9CC006B00C3 /* NetlifxUITests.xctest */,
			);
			name = Products;
			sourceTree = "<group>";
		};
		48060BDA2A36C9CA006B00C3 /* Netlifx */ = {
			isa = PBXGroup;
			children = (
				48060C052A36CE39006B00C3 /* Controllers */,
				48060BDB2A36C9CA006B00C3 /* NetlifxApp.swift */,
				48060BDD2A36C9CA006B00C3 /* MainTableViewController.swift */,
				48060BDF2A36C9CC006B00C3 /* Assets.xcassets */,
				48060BE12A36C9CC006B00C3 /* Preview Content */,
			);
			path = Netlifx;
			sourceTree = "<group>";
		};
		48060BE12A36C9CC006B00C3 /* Preview Content */ = {
			isa = PBXGroup;
			children = (
				48060BE22A36C9CC006B00C3 /* Preview Assets.xcassets */,
			);
			path = "Preview Content";
			sourceTree = "<group>";
		};
		48060BEB2A36C9CC006B00C3 /* NetlifxTests */ = {
			isa = PBXGroup;
			children = (
				48060BEC2A36C9CC006B00C3 /* NetlifxTests.swift */,
			);
			path = NetlifxTests;
			sourceTree = "<group>";
		};
		48060BF52A36C9CC006B00C3 /* NetlifxUITests */ = {
			isa = PBXGroup;
			children = (
				48060BF62A36C9CC006B00C3 /* NetlifxUITests.swift */,
				48060BF82A36C9CC006B00C3 /* NetlifxUITestsLaunchTests.swift */,
			);
			path = NetlifxUITests;
			sourceTree = "<group>";
		};
		48060C052A36CE39006B00C3 /* Controllers */ = {
			isa = PBXGroup;
			children = (
				48060C062A36CE75006B00C3 /* HomeViewController.swift */,
				48060C082A36CEBB006B00C3 /* UpcomingViewController.swift */,
				48060C0A2A36CEE4006B00C3 /* SearchViewController.swift */,
				48060C0C2A36CF13006B00C3 /* DownloadsViewController.swift */,
			);
			path = Controllers;
			sourceTree = "<group>";
		};
/* End PBXGroup section */

/* Begin PBXNativeTarget section */
		48060BD72A36C9CA006B00C3 /* Netlifx */ = {
			isa = PBXNativeTarget;
			buildConfigurationList = 48060BFC2A36C9CC006B00C3 /* Build configuration list for PBXNativeTarget "Netlifx" */;
			buildPhases = (
				48060BD42A36C9CA006B00C3 /* Sources */,
				48060BD52A36C9CA006B00C3 /* Frameworks */,
				48060BD62A36C9CA006B00C3 /* Resources */,
			);
			buildRules = (
			);
			dependencies = (
			);
			name = Netlifx;
			productName = Netlifx;
			productReference = 48060BD82A36C9CA006B00C3 /* Netlifx.app */;
			productType = "com.apple.product-type.application";
		};
		48060BE72A36C9CC006B00C3 /* NetlifxTests */ = {
			isa = PBXNativeTarget;
			buildConfigurationList = 48060BFF2A36C9CC006B00C3 /* Build configuration list for PBXNativeTarget "NetlifxTests" */;
			buildPhases = (
				48060BE42A36C9CC006B00C3 /* Sources */,
				48060BE52A36C9CC006B00C3 /* Frameworks */,
				48060BE62A36C9CC006B00C3 /* Resources */,
			);
			buildRules = (
			);
			dependencies = (
				48060BEA2A36C9CC006B00C3 /* PBXTargetDependency */,
			);
			name = NetlifxTests;
			productName = NetlifxTests;
			productReference = 48060BE82A36C9CC006B00C3 /* NetlifxTests.xctest */;
			productType = "com.apple.product-type.bundle.unit-test";
		};
		48060BF12A36C9CC006B00C3 /* NetlifxUITests */ = {
			isa = PBXNativeTarget;
			buildConfigurationList = 48060C022A36C9CC006B00C3 /* Build configuration list for PBXNativeTarget "NetlifxUITests" */;
			buildPhases = (
				48060BEE2A36C9CC006B00C3 /* Sources */,
				48060BEF2A36C9CC006B00C3 /* Frameworks */,
				48060BF02A36C9CC006B00C3 /* Resources */,
			);
			buildRules = (
			);
			dependencies = (
				48060BF42A36C9CC006B00C3 /* PBXTargetDependency */,
			);
			name = NetlifxUITests;
			productName = NetlifxUITests;
			productReference = 48060BF22A36C9CC006B00C3 /* NetlifxUITests.xctest */;
			productType = "com.apple.product-type.bundle.ui-testing";
		};
/* End PBXNativeTarget section */

/* Begin PBXProject section */
		48060BD02A36C9CA006B00C3 /* Project object */ = {
			isa = PBXProject;
			attributes = {
				BuildIndependentTargetsInParallel = 1;
				LastSwiftUpdateCheck = 1410;
				LastUpgradeCheck = 1410;
				TargetAttributes = {
					48060BD72A36C9CA006B00C3 = {
						CreatedOnToolsVersion = 14.1;
					};
					48060BE72A36C9CC006B00C3 = {
						CreatedOnToolsVersion = 14.1;
						TestTargetID = 48060BD72A36C9CA006B00C3;
					};
					48060BF12A36C9CC006B00C3 = {
						CreatedOnToolsVersion = 14.1;
						TestTargetID = 48060BD72A36C9CA006B00C3;
					};
				};
			};
			buildConfigurationList = 48060BD32A36C9CA006B00C3 /* Build configuration list for PBXProject "Netlifx" */;
			compatibilityVersion = "Xcode 14.0";
			developmentRegion = en;
			hasScannedForEncodings = 0;
			knownRegions = (
				en,
				Base,
			);
			mainGroup = 48060BCF2A36C9CA006B00C3;
			productRefGroup = 48060BD92A36C9CA006B00C3 /* Products */;
			projectDirPath = "";
			projectRoot = "";
			targets = (
				48060BD72A36C9CA006B00C3 /* Netlifx */,
				48060BE72A36C9CC006B00C3 /* NetlifxTests */,
				48060BF12A36C9CC006B00C3 /* NetlifxUITests */,
			);
		};
/* End PBXProject section */

/* Begin PBXResourcesBuildPhase section */
		48060BD62A36C9CA006B00C3 /* Resources */ = {
			isa = PBXResourcesBuildPhase;
			buildActionMask = 2147483647;
			files = (
				48060BE32A36C9CC006B00C3 /* Preview Assets.xcassets in Resources */,
				48060BE02A36C9CC006B00C3 /* Assets.xcassets in Resources */,
			);
			runOnlyForDeploymentPostprocessing = 0;
		};
		48060BE62A36C9CC006B00C3 /* Resources */ = {
			isa = PBXResourcesBuildPhase;
			buildActionMask = 2147483647;
			files = (
			);
			runOnlyForDeploymentPostprocessing = 0;
		};
		48060BF02A36C9CC006B00C3 /* Resources */ = {
			isa = PBXResourcesBuildPhase;
			buildActionMask = 2147483647;
			files = (
			);
			runOnlyForDeploymentPostprocessing = 0;
		};
/* End PBXResourcesBuildPhase section */

/* Begin PBXSourcesBuildPhase section */
		48060BD42A36C9CA006B00C3 /* Sources */ = {
			isa = PBXSourcesBuildPhase;
			buildActionMask = 2147483647;
			files = (
				48060C0B2A36CEE4006B00C3 /* SearchViewController.swift in Sources */,
				48060C092A36CEBB006B00C3 /* UpcomingViewController.swift in Sources */,
				48060C0D2A36CF13006B00C3 /* DownloadsViewController.swift in Sources */,
				48060BDE2A36C9CA006B00C3 /* MainTableViewController.swift in Sources */,
				48060BDC2A36C9CA006B00C3 /* NetlifxApp.swift in Sources */,
				48060C072A36CE75006B00C3 /* HomeViewController.swift in Sources */,
			);
			runOnlyForDeploymentPostprocessing = 0;
		};
		48060BE42A36C9CC006B00C3 /* Sources */ = {
			isa = PBXSourcesBuildPhase;
			buildActionMask = 2147483647;
			files = (
				48060BED2A36C9CC006B00C3 /* NetlifxTests.swift in Sources */,
			);
			runOnlyForDeploymentPostprocessing = 0;
		};
		48060BEE2A36C9CC006B00C3 /* Sources */ = {
			isa = PBXSourcesBuildPhase;
			buildActionMask = 2147483647;
			files = (
				48060BF72A36C9CC006B00C3 /* NetlifxUITests.swift in Sources */,
				48060BF92A36C9CC006B00C3 /* NetlifxUITestsLaunchTests.swift in Sources */,
			);
			runOnlyForDeploymentPostprocessing = 0;
		};
/* End PBXSourcesBuildPhase section */

/* Begin PBXTargetDependency section */
		48060BEA2A36C9CC006B00C3 /* PBXTargetDependency */ = {
			isa = PBXTargetDependency;
			target = 48060BD72A36C9CA006B00C3 /* Netlifx */;
			targetProxy = 48060BE92A36C9CC006B00C3 /* PBXContainerItemProxy */;
		};
		48060BF42A36C9CC006B00C3 /* PBXTargetDependency */ = {
			isa = PBXTargetDependency;
			target = 48060BD72A36C9CA006B00C3 /* Netlifx */;
			targetProxy = 48060BF32A36C9CC006B00C3 /* PBXContainerItemProxy */;
		};
/* End PBXTargetDependency section */

/* Begin XCBuildConfiguration section */
		48060BFA2A36C9CC006B00C3 /* Debug */ = {
			isa = XCBuildConfiguration;
			buildSettings = {
				ALWAYS_SEARCH_USER_PATHS = NO;
				CLANG_ANALYZER_NONNULL = YES;
				CLANG_ANALYZER_NUMBER_OBJECT_CONVERSION = YES_AGGRESSIVE;
				CLANG_CXX_LANGUAGE_STANDARD = "gnu++20";
				CLANG_ENABLE_MODULES = YES;
				CLANG_ENABLE_OBJC_ARC = YES;
				CLANG_ENABLE_OBJC_WEAK = YES;
				CLANG_WARN_BLOCK_CAPTURE_AUTORELEASING = YES;
				CLANG_WARN_BOOL_CONVERSION = YES;
				CLANG_WARN_COMMA = YES;
				CLANG_WARN_CONSTANT_CONVERSION = YES;
				CLANG_WARN_DEPRECATED_OBJC_IMPLEMENTATIONS = YES;
				CLANG_WARN_DIRECT_OBJC_ISA_USAGE = YES_ERROR;
				CLANG_WARN_DOCUMENTATION_COMMENTS = YES;
				CLANG_WARN_EMPTY_BODY = YES;
				CLANG_WARN_ENUM_CONVERSION = YES;
				CLANG_WARN_INFINITE_RECURSION = YES;
				CLANG_WARN_INT_CONVERSION = YES;
				CLANG_WARN_NON_LITERAL_NULL_CONVERSION = YES;
				CLANG_WARN_OBJC_IMPLICIT_RETAIN_SELF = YES;
				CLANG_WARN_OBJC_LITERAL_CONVERSION = YES;
				CLANG_WARN_OBJC_ROOT_CLASS = YES_ERROR;
				CLANG_WARN_QUOTED_INCLUDE_IN_FRAMEWORK_HEADER = YES;
				CLANG_WARN_RANGE_LOOP_ANALYSIS = YES;
				CLANG_WARN_STRICT_PROTOTYPES = YES;
				CLANG_WARN_SUSPICIOUS_MOVE = YES;
				CLANG_WARN_UNGUARDED_AVAILABILITY = YES_AGGRESSIVE;
				CLANG_WARN_UNREACHABLE_CODE = YES;
				CLANG_WARN__DUPLICATE_METHOD_MATCH = YES;
				COPY_PHASE_STRIP = NO;
				DEBUG_INFORMATION_FORMAT = dwarf;
				ENABLE_STRICT_OBJC_MSGSEND = YES;
				ENABLE_TESTABILITY = YES;
				GCC_C_LANGUAGE_STANDARD = gnu11;
				GCC_DYNAMIC_NO_PIC = NO;
				GCC_NO_COMMON_BLOCKS = YES;
				GCC_OPTIMIZATION_LEVEL = 0;
				GCC_PREPROCESSOR_DEFINITIONS = (
					"DEBUG=1",
					"$(inherited)",
				);
				GCC_WARN_64_TO_32_BIT_CONVERSION = YES;
				GCC_WARN_ABOUT_RETURN_TYPE = YES_ERROR;
				GCC_WARN_UNDECLARED_SELECTOR = YES;
				GCC_WARN_UNINITIALIZED_AUTOS = YES_AGGRESSIVE;
				GCC_WARN_UNUSED_FUNCTION = YES;
				GCC_WARN_UNUSED_VARIABLE = YES;
				IPHONEOS_DEPLOYMENT_TARGET = 16.1;
				MTL_ENABLE_DEBUG_INFO = INCLUDE_SOURCE;
				MTL_FAST_MATH = YES;
				ONLY_ACTIVE_ARCH = YES;
				SDKROOT = iphoneos;
				SWIFT_ACTIVE_COMPILATION_CONDITIONS = DEBUG;
				SWIFT_OPTIMIZATION_LEVEL = "-Onone";
			};
			name = Debug;
		};
		48060BFB2A36C9CC006B00C3 /* Release */ = {
			isa = XCBuildConfiguration;
			buildSettings = {
				ALWAYS_SEARCH_USER_PATHS = NO;
				CLANG_ANALYZER_NONNULL = YES;
				CLANG_ANALYZER_NUMBER_OBJECT_CONVERSION = YES_AGGRESSIVE;
				CLANG_CXX_LANGUAGE_STANDARD = "gnu++20";
				CLANG_ENABLE_MODULES = YES;
				CLANG_ENABLE_OBJC_ARC = YES;
				CLANG_ENABLE_OBJC_WEAK = YES;
				CLANG_WARN_BLOCK_CAPTURE_AUTORELEASING = YES;
				CLANG_WARN_BOOL_CONVERSION = YES;
				CLANG_WARN_COMMA = YES;
				CLANG_WARN_CONSTANT_CONVERSION = YES;
				CLANG_WARN_DEPRECATED_OBJC_IMPLEMENTATIONS = YES;
				CLANG_WARN_DIRECT_OBJC_ISA_USAGE = YES_ERROR;
				CLANG_WARN_DOCUMENTATION_COMMENTS = YES;
				CLANG_WARN_EMPTY_BODY = YES;
				CLANG_WARN_ENUM_CONVERSION = YES;
				CLANG_WARN_INFINITE_RECURSION = YES;
				CLANG_WARN_INT_CONVERSION = YES;
				CLANG_WARN_NON_LITERAL_NULL_CONVERSION = YES;
				CLANG_WARN_OBJC_IMPLICIT_RETAIN_SELF = YES;
				CLANG_WARN_OBJC_LITERAL_CONVERSION = YES;
				CLANG_WARN_OBJC_ROOT_CLASS = YES_ERROR;
				CLANG_WARN_QUOTED_INCLUDE_IN_FRAMEWORK_HEADER = YES;
				CLANG_WARN_RANGE_LOOP_ANALYSIS = YES;
				CLANG_WARN_STRICT_PROTOTYPES = YES;
				CLANG_WARN_SUSPICIOUS_MOVE = YES;
				CLANG_WARN_UNGUARDED_AVAILABILITY = YES_AGGRESSIVE;
				CLANG_WARN_UNREACHABLE_CODE = YES;
				CLANG_WARN__DUPLICATE_METHOD_MATCH = YES;
				COPY_PHASE_STRIP = NO;
				DEBUG_INFORMATION_FORMAT = "dwarf-with-dsym";
				ENABLE_NS_ASSERTIONS = NO;
				ENABLE_STRICT_OBJC_MSGSEND = YES;
				GCC_C_LANGUAGE_STANDARD = gnu11;
				GCC_NO_COMMON_BLOCKS = YES;
				GCC_WARN_64_TO_32_BIT_CONVERSION = YES;
				GCC_WARN_ABOUT_RETURN_TYPE = YES_ERROR;
				GCC_WARN_UNDECLARED_SELECTOR = YES;
				GCC_WARN_UNINITIALIZED_AUTOS = YES_AGGRESSIVE;
				GCC_WARN_UNUSED_FUNCTION = YES;
				GCC_WARN_UNUSED_VARIABLE = YES;
				IPHONEOS_DEPLOYMENT_TARGET = 16.1;
				MTL_ENABLE_DEBUG_INFO = NO;
				MTL_FAST_MATH = YES;
				SDKROOT = iphoneos;
				SWIFT_COMPILATION_MODE = wholemodule;
				SWIFT_OPTIMIZATION_LEVEL = "-O";
				VALIDATE_PRODUCT = YES;
			};
			name = Release;
		};
		48060BFD2A36C9CC006B00C3 /* Debug */ = {
			isa = XCBuildConfiguration;
			buildSettings = {
				ASSETCATALOG_COMPILER_APPICON_NAME = AppIcon;
				ASSETCATALOG_COMPILER_GLOBAL_ACCENT_COLOR_NAME = AccentColor;
				CODE_SIGN_STYLE = Automatic;
				CURRENT_PROJECT_VERSION = 1;
				DEVELOPMENT_ASSET_PATHS = "\"Netlifx/Preview Content\"";
				DEVELOPMENT_TEAM = 5W9HDJMQ3H;
				ENABLE_PREVIEWS = YES;
				GENERATE_INFOPLIST_FILE = YES;
				INFOPLIST_KEY_UIApplicationSceneManifest_Generation = YES;
				INFOPLIST_KEY_UIApplicationSupportsIndirectInputEvents = YES;
				INFOPLIST_KEY_UILaunchScreen_Generation = YES;
				INFOPLIST_KEY_UISupportedInterfaceOrientations_iPad = "UIInterfaceOrientationPortrait UIInterfaceOrientationPortraitUpsideDown UIInterfaceOrientationLandscapeLeft UIInterfaceOrientationLandscapeRight";
				INFOPLIST_KEY_UISupportedInterfaceOrientations_iPhone = "UIInterfaceOrientationPortrait UIInterfaceOrientationLandscapeLeft UIInterfaceOrientationLandscapeRight";
				LD_RUNPATH_SEARCH_PATHS = (
					"$(inherited)",
					"@executable_path/Frameworks",
				);
				MARKETING_VERSION = 1.0;
				PRODUCT_BUNDLE_IDENTIFIER = com.LuisCedillo.Netlifx;
				PRODUCT_NAME = "$(TARGET_NAME)";
				SWIFT_EMIT_LOC_STRINGS = YES;
				SWIFT_VERSION = 5.0;
				TARGETED_DEVICE_FAMILY = "1,2";
			};
			name = Debug;
		};
		48060BFE2A36C9CC006B00C3 /* Release */ = {
			isa = XCBuildConfiguration;
			buildSettings = {
				ASSETCATALOG_COMPILER_APPICON_NAME = AppIcon;
				ASSETCATALOG_COMPILER_GLOBAL_ACCENT_COLOR_NAME = AccentColor;
				CODE_SIGN_STYLE = Automatic;
				CURRENT_PROJECT_VERSION = 1;
				DEVELOPMENT_ASSET_PATHS = "\"Netlifx/Preview Content\"";
				DEVELOPMENT_TEAM = 5W9HDJMQ3H;
				ENABLE_PREVIEWS = YES;
				GENERATE_INFOPLIST_FILE = YES;
				INFOPLIST_KEY_UIApplicationSceneManifest_Generation = YES;
				INFOPLIST_KEY_UIApplicationSupportsIndirectInputEvents = YES;
				INFOPLIST_KEY_UILaunchScreen_Generation = YES;
				INFOPLIST_KEY_UISupportedInterfaceOrientations_iPad = "UIInterfaceOrientationPortrait UIInterfaceOrientationPortraitUpsideDown UIInterfaceOrientationLandscapeLeft UIInterfaceOrientationLandscapeRight";
				INFOPLIST_KEY_UISupportedInterfaceOrientations_iPhone = "UIInterfaceOrientationPortrait UIInterfaceOrientationLandscapeLeft UIInterfaceOrientationLandscapeRight";
				LD_RUNPATH_SEARCH_PATHS = (
					"$(inherited)",
					"@executable_path/Frameworks",
				);
				MARKETING_VERSION = 1.0;
				PRODUCT_BUNDLE_IDENTIFIER = com.LuisCedillo.Netlifx;
				PRODUCT_NAME = "$(TARGET_NAME)";
				SWIFT_EMIT_LOC_STRINGS = YES;
				SWIFT_VERSION = 5.0;
				TARGETED_DEVICE_FAMILY = "1,2";
			};
			name = Release;
		};
		48060C002A36C9CC006B00C3 /* Debug */ = {
			isa = XCBuildConfiguration;
			buildSettings = {
				ALWAYS_EMBED_SWIFT_STANDARD_LIBRARIES = YES;
				BUNDLE_LOADER = "$(TEST_HOST)";
				CODE_SIGN_STYLE = Automatic;
				CURRENT_PROJECT_VERSION = 1;
				DEVELOPMENT_TEAM = 5W9HDJMQ3H;
				GENERATE_INFOPLIST_FILE = YES;
				IPHONEOS_DEPLOYMENT_TARGET = 16.1;
				MARKETING_VERSION = 1.0;
				PRODUCT_BUNDLE_IDENTIFIER = com.LuisCedillo.NetlifxTests;
				PRODUCT_NAME = "$(TARGET_NAME)";
				SWIFT_EMIT_LOC_STRINGS = NO;
				SWIFT_VERSION = 5.0;
				TARGETED_DEVICE_FAMILY = "1,2";
				TEST_HOST = "$(BUILT_PRODUCTS_DIR)/Netlifx.app/$(BUNDLE_EXECUTABLE_FOLDER_PATH)/Netlifx";
			};
			name = Debug;
		};
		48060C012A36C9CC006B00C3 /* Release */ = {
			isa = XCBuildConfiguration;
			buildSettings = {
				ALWAYS_EMBED_SWIFT_STANDARD_LIBRARIES = YES;
				BUNDLE_LOADER = "$(TEST_HOST)";
				CODE_SIGN_STYLE = Automatic;
				CURRENT_PROJECT_VERSION = 1;
				DEVELOPMENT_TEAM = 5W9HDJMQ3H;
				GENERATE_INFOPLIST_FILE = YES;
				IPHONEOS_DEPLOYMENT_TARGET = 16.1;
				MARKETING_VERSION = 1.0;
				PRODUCT_BUNDLE_IDENTIFIER = com.LuisCedillo.NetlifxTests;
				PRODUCT_NAME = "$(TARGET_NAME)";
				SWIFT_EMIT_LOC_STRINGS = NO;
				SWIFT_VERSION = 5.0;
				TARGETED_DEVICE_FAMILY = "1,2";
				TEST_HOST = "$(BUILT_PRODUCTS_DIR)/Netlifx.app/$(BUNDLE_EXECUTABLE_FOLDER_PATH)/Netlifx";
			};
			name = Release;
		};
		48060C032A36C9CC006B00C3 /* Debug */ = {
			isa = XCBuildConfiguration;
			buildSettings = {
				ALWAYS_EMBED_SWIFT_STANDARD_LIBRARIES = YES;
				CODE_SIGN_STYLE = Automatic;
				CURRENT_PROJECT_VERSION = 1;
				DEVELOPMENT_TEAM = 5W9HDJMQ3H;
				GENERATE_INFOPLIST_FILE = YES;
				MARKETING_VERSION = 1.0;
				PRODUCT_BUNDLE_IDENTIFIER = com.LuisCedillo.NetlifxUITests;
				PRODUCT_NAME = "$(TARGET_NAME)";
				SWIFT_EMIT_LOC_STRINGS = NO;
				SWIFT_VERSION = 5.0;
				TARGETED_DEVICE_FAMILY = "1,2";
				TEST_TARGET_NAME = Netlifx;
			};
			name = Debug;
		};
		48060C042A36C9CC006B00C3 /* Release */ = {
			isa = XCBuildConfiguration;
			buildSettings = {
				ALWAYS_EMBED_SWIFT_STANDARD_LIBRARIES = YES;
				CODE_SIGN_STYLE = Automatic;
				CURRENT_PROJECT_VERSION = 1;
				DEVELOPMENT_TEAM = 5W9HDJMQ3H;
				GENERATE_INFOPLIST_FILE = YES;
				MARKETING_VERSION = 1.0;
				PRODUCT_BUNDLE_IDENTIFIER = com.LuisCedillo.NetlifxUITests;
				PRODUCT_NAME = "$(TARGET_NAME)";
				SWIFT_EMIT_LOC_STRINGS = NO;
				SWIFT_VERSION = 5.0;
				TARGETED_DEVICE_FAMILY = "1,2";
				TEST_TARGET_NAME = Netlifx;
			};
			name = Release;
		};
/* End XCBuildConfiguration section */

/* Begin XCConfigurationList section */
		48060BD32A36C9CA006B00C3 /* Build configuration list for PBXProject "Netlifx" */ = {
			isa = XCConfigurationList;
			buildConfigurations = (
				48060BFA2A36C9CC006B00C3 /* Debug */,
				48060BFB2A36C9CC006B00C3 /* Release */,
			);
			defaultConfigurationIsVisible = 0;
			defaultConfigurationName = Release;
		};
		48060BFC2A36C9CC006B00C3 /* Build configuration list for PBXNativeTarget "Netlifx" */ = {
			isa = XCConfigurationList;
			buildConfigurations = (
				48060BFD2A36C9CC006B00C3 /* Debug */,
				48060BFE2A36C9CC006B00C3 /* Release */,
			);
			defaultConfigurationIsVisible = 0;
			defaultConfigurationName = Release;
		};
		48060BFF2A36C9CC006B00C3 /* Build configuration list for PBXNativeTarget "NetlifxTests" */ = {
			isa = XCConfigurationList;
			buildConfigurations = (
				48060C002A36C9CC006B00C3 /* Debug */,
				48060C012A36C9CC006B00C3 /* Release */,
			);
			defaultConfigurationIsVisible = 0;
			defaultConfigurationName = Release;
		};
		48060C022A36C9CC006B00C3 /* Build configuration list for PBXNativeTarget "NetlifxUITests" */ = {
			isa = XCConfigurationList;
			buildConfigurations = (
				48060C032A36C9CC006B00C3 /* Debug */,
				48060C042A36C9CC006B00C3 /* Release */,
			);
			defaultConfigurationIsVisible = 0;
			defaultConfigurationName = Release;
		};
/* End XCConfigurationList section */
	};
	rootObject = 48060BD02A36C9CA006B00C3 /* Project object */;
}
